
Microsoft Visual Studio Solution File, Format Version 12.00
# Visual Studio Version 17
VisualStudioVersion = 17.4.33122.133
MinimumVisualStudioVersion = 10.0.40219.1
Project("{FAE04EC0-301F-11D3-BF4B-00C04F79EFBC}") = "ConsoleApp1", "ConsoleApp1.csproj", "{672DE63D-30E1-40DA-B96B-057DCE8B91BB}"
EndProject
Global
	GlobalSection(SolutionConfigurationPlatforms) = preSolution
		Debug|Any CPU = Debug|Any CPU
		Release|Any CPU = Release|Any CPU
	EndGlobalSection
	GlobalSection(ProjectConfigurationPlatforms) = postSolution
		{672DE63D-30E1-40DA-B96B-057DCE8B91BB}.Debug|Any CPU.ActiveCfg = Debug|Any CPU
		{672DE63D-30E1-40DA-B96B-057DCE8B91BB}.Debug|Any CPU.Build.0 = Debug|Any CPU
		{672DE63D-30E1-40DA-B96B-057DCE8B91BB}.Release|Any CPU.ActiveCfg = Release|Any CPU
		{672DE63D-30E1-40DA-B96B-057DCE8B91BB}.Release|Any CPU.Build.0 = Release|Any CPU
	EndGlobalSection
	GlobalSection(SolutionProperties) = preSolution
		HideSolutionNode = FALSE
	EndGlobalSection
	GlobalSection(ExtensibilityGlobals) = postSolution
		SolutionGuid = {EA869C62-6F1A-46A2-B233-202F90A97802}
	EndGlobalSection
EndGlobal
